
Microsoft Visual Studio Solution File, Format Version 12.00
# Visual Studio Version 16
VisualStudioVersion = 16.0.29230.47
MinimumVisualStudioVersion = 10.0.40219.1
Project("{888888A0-9F3D-457C-B088-3A5042F75D52}") = "gestionpy", "gestionpy\gestionpy.pyproj", "{98A79DA5-9D95-410E-A151-506D64934CD6}"
EndProject
Global
	GlobalSection(SolutionConfigurationPlatforms) = preSolution
		Debug|Any CPU = Debug|Any CPU
		Release|Any CPU = Release|Any CPU
	EndGlobalSection
	GlobalSection(ProjectConfigurationPlatforms) = postSolution
		{98A79DA5-9D95-410E-A151-506D64934CD6}.Debug|Any CPU.ActiveCfg = Debug|Any CPU
		{98A79DA5-9D95-410E-A151-506D64934CD6}.Release|Any CPU.ActiveCfg = Release|Any CPU
	EndGlobalSection
	GlobalSection(SolutionProperties) = preSolution
		HideSolutionNode = FALSE
	EndGlobalSection
	GlobalSection(ExtensibilityGlobals) = postSolution
		SolutionGuid = {C8F89468-1B3C-4DCC-AC8D-876F5A30670D}
	EndGlobalSection
EndGlobal
